
Microsoft Visual Studio Solution File, Format Version 12.00
# Visual Studio Version 17
VisualStudioVersion = 17.7.34009.444
MinimumVisualStudioVersion = 10.0.40219.1
Project("{888888A0-9F3D-457C-B088-3A5042F75D52}") = "Hackathon", "Hackathon\Hackathon.pyproj", "{1C5B1852-34F0-413C-88E5-D0A5CE95FB53}"
EndProject
Global
	GlobalSection(SolutionConfigurationPlatforms) = preSolution
		Debug|Any CPU = Debug|Any CPU
		Release|Any CPU = Release|Any CPU
	EndGlobalSection
	GlobalSection(ProjectConfigurationPlatforms) = postSolution
		{1C5B1852-34F0-413C-88E5-D0A5CE95FB53}.Debug|Any CPU.ActiveCfg = Debug|Any CPU
		{1C5B1852-34F0-413C-88E5-D0A5CE95FB53}.Release|Any CPU.ActiveCfg = Release|Any CPU
	EndGlobalSection
	GlobalSection(SolutionProperties) = preSolution
		HideSolutionNode = FALSE
	EndGlobalSection
	GlobalSection(ExtensibilityGlobals) = postSolution
		SolutionGuid = {35A36056-4311-4705-8543-4743D07F027C}
	EndGlobalSection
EndGlobal
